
Microsoft Visual Studio Solution File, Format Version 12.00
# Visual Studio 15
VisualStudioVersion = 15.0.28307.852
MinimumVisualStudioVersion = 10.0.40219.1
Project("{FAE04EC0-301F-11D3-BF4B-00C04F79EFBC}") = "DonationApp.Android", "DonationApp\DonationApp.Android\DonationApp.Android.csproj", "{3B38656F-5681-498C-9CE8-1508CBE0DCFA}"
EndProject
Project("{FAE04EC0-301F-11D3-BF4B-00C04F79EFBC}") = "DonationApp.iOS", "DonationApp\DonationApp.iOS\DonationApp.iOS.csproj", "{E2612442-C8C0-42F3-A66E-C8A7DA987007}"
EndProject
Project("{FAE04EC0-301F-11D3-BF4B-00C04F79EFBC}") = "DonationApp.UWP", "DonationApp\DonationApp.UWP\DonationApp.UWP.csproj", "{B5BC8B93-90DF-4388-B803-B2C707F4838D}"
EndProject
Project("{FAE04EC0-301F-11D3-BF4B-00C04F79EFBC}") = "DonationApp", "DonationApp\DonationApp\DonationApp.csproj", "{80D1E172-E9CC-4B78-8593-27D016D6ABEF}"
EndProject
Global
	GlobalSection(SolutionConfigurationPlatforms) = preSolution
		Ad-Hoc|Any CPU = Ad-Hoc|Any CPU
		Ad-Hoc|ARM = Ad-Hoc|ARM
		Ad-Hoc|iPhone = Ad-Hoc|iPhone
		Ad-Hoc|iPhoneSimulator = Ad-Hoc|iPhoneSimulator
		Ad-Hoc|x64 = Ad-Hoc|x64
		Ad-Hoc|x86 = Ad-Hoc|x86
		AppStore|Any CPU = AppStore|Any CPU
		AppStore|ARM = AppStore|ARM
		AppStore|iPhone = AppStore|iPhone
		AppStore|iPhoneSimulator = AppStore|iPhoneSimulator
		AppStore|x64 = AppStore|x64
		AppStore|x86 = AppStore|x86
		Debug|Any CPU = Debug|Any CPU
		Debug|ARM = Debug|ARM
		Debug|iPhone = Debug|iPhone
		Debug|iPhoneSimulator = Debug|iPhoneSimulator
		Debug|x64 = Debug|x64
		Debug|x86 = Debug|x86
		Release|Any CPU = Release|Any CPU
		Release|ARM = Release|ARM
		Release|iPhone = Release|iPhone
		Release|iPhoneSimulator = Release|iPhoneSimulator
		Release|x64 = Release|x64
		Release|x86 = Release|x86
	EndGlobalSection
	GlobalSection(ProjectConfigurationPlatforms) = postSolution
		{3B38656F-5681-498C-9CE8-1508CBE0DCFA}.Ad-Hoc|Any CPU.ActiveCfg = Release|Any CPU
		{3B38656F-5681-498C-9CE8-1508CBE0DCFA}.Ad-Hoc|Any CPU.Build.0 = Release|Any CPU
		{3B38656F-5681-498C-9CE8-1508CBE0DCFA}.Ad-Hoc|Any CPU.Deploy.0 = Release|Any CPU
		{3B38656F-5681-498C-9CE8-1508CBE0DCFA}.Ad-Hoc|ARM.ActiveCfg = Release|Any CPU
		{3B38656F-5681-498C-9CE8-1508CBE0DCFA}.Ad-Hoc|ARM.Build.0 = Release|Any CPU
		{3B38656F-5681-498C-9CE8-1508CBE0DCFA}.Ad-Hoc|ARM.Deploy.0 = Release|Any CPU
		{3B38656F-5681-498C-9CE8-1508CBE0DCFA}.Ad-Hoc|iPhone.ActiveCfg = Release|Any CPU
		{3B38656F-5681-498C-9CE8-1508CBE0DCFA}.Ad-Hoc|iPhone.Build.0 = Release|Any CPU
		{3B38656F-5681-498C-9CE8-1508CBE0DCFA}.Ad-Hoc|iPhone.Deploy.0 = Release|Any CPU
		{3B38656F-5681-498C-9CE8-1508CBE0DCFA}.Ad-Hoc|iPhoneSimulator.ActiveCfg = Release|Any CPU
		{3B38656F-5681-498C-9CE8-1508CBE0DCFA}.Ad-Hoc|iPhoneSimulator.Build.0 = Release|Any CPU
		{3B38656F-5681-498C-9CE8-1508CBE0DCFA}.Ad-Hoc|iPhoneSimulator.Deploy.0 = Release|Any CPU
		{3B38656F-5681-498C-9CE8-1508CBE0DCFA}.Ad-Hoc|x64.ActiveCfg = Release|Any CPU
		{3B38656F-5681-498C-9CE8-1508CBE0DCFA}.Ad-Hoc|x64.Build.0 = Release|Any CPU
		{3B38656F-5681-498C-9CE8-1508CBE0DCFA}.Ad-Hoc|x64.Deploy.0 = Release|Any CPU
		{3B38656F-5681-498C-9CE8-1508CBE0DCFA}.Ad-Hoc|x86.ActiveCfg = Release|Any CPU
		{3B38656F-5681-498C-9CE8-1508CBE0DCFA}.Ad-Hoc|x86.Build.0 = Release|Any CPU
		{3B38656F-5681-498C-9CE8-1508CBE0DCFA}.Ad-Hoc|x86.Deploy.0 = Release|Any CPU
		{3B38656F-5681-498C-9CE8-1508CBE0DCFA}.AppStore|Any CPU.ActiveCfg = Release|Any CPU
		{3B38656F-5681-498C-9CE8-1508CBE0DCFA}.AppStore|Any CPU.Build.0 = Release|Any CPU
		{3B38656F-5681-498C-9CE8-1508CBE0DCFA}.AppStore|Any CPU.Deploy.0 = Release|Any CPU
		{3B38656F-5681-498C-9CE8-1508CBE0DCFA}.AppStore|ARM.ActiveCfg = Release|Any CPU
		{3B38656F-5681-498C-9CE8-1508CBE0DCFA}.AppStore|ARM.Build.0 = Release|Any CPU
		{3B38656F-5681-498C-9CE8-1508CBE0DCFA}.AppStore|ARM.Deploy.0 = Release|Any CPU
		{3B38656F-5681-498C-9CE8-1508CBE0DCFA}.AppStore|iPhone.ActiveCfg = Release|Any CPU
		{3B38656F-5681-498C-9CE8-1508CBE0DCFA}.AppStore|iPhone.Build.0 = Release|Any CPU
		{3B38656F-5681-498C-9CE8-1508CBE0DCFA}.AppStore|iPhone.Deploy.0 = Release|Any CPU
		{3B38656F-5681-498C-9CE8-1508CBE0DCFA}.AppStore|iPhoneSimulator.ActiveCfg = Release|Any CPU
		{3B38656F-5681-498C-9CE8-1508CBE0DCFA}.AppStore|iPhoneSimulator.Build.0 = Release|Any CPU
		{3B38656F-5681-498C-9CE8-1508CBE0DCFA}.AppStore|iPhoneSimulator.Deploy.0 = Release|Any CPU
		{3B38656F-5681-498C-9CE8-1508CBE0DCFA}.AppStore|x64.ActiveCfg = Release|Any CPU
		{3B38656F-5681-498C-9CE8-1508CBE0DCFA}.AppStore|x64.Build.0 = Release|Any CPU
		{3B38656F-5681-498C-9CE8-1508CBE0DCFA}.AppStore|x64.Deploy.0 = Release|Any CPU
		{3B38656F-5681-498C-9CE8-1508CBE0DCFA}.AppStore|x86.ActiveCfg = Release|Any CPU
		{3B38656F-5681-498C-9CE8-1508CBE0DCFA}.AppStore|x86.Build.0 = Release|Any CPU
		{3B38656F-5681-498C-9CE8-1508CBE0DCFA}.AppStore|x86.Deploy.0 = Release|Any CPU
		{3B38656F-5681-498C-9CE8-1508CBE0DCFA}.Debug|Any CPU.ActiveCfg = Debug|Any CPU
		{3B38656F-5681-498C-9CE8-1508CBE0DCFA}.Debug|Any CPU.Build.0 = Debug|Any CPU
		{3B38656F-5681-498C-9CE8-1508CBE0DCFA}.Debug|Any CPU.Deploy.0 = Debug|Any CPU
		{3B38656F-5681-498C-9CE8-1508CBE0DCFA}.Debug|ARM.ActiveCfg = Debug|Any CPU
		{3B38656F-5681-498C-9CE8-1508CBE0DCFA}.Debug|ARM.Build.0 = Debug|Any CPU
		{3B38656F-5681-498C-9CE8-1508CBE0DCFA}.Debug|ARM.Deploy.0 = Debug|Any CPU
		{3B38656F-5681-498C-9CE8-1508CBE0DCFA}.Debug|iPhone.ActiveCfg = Debug|Any CPU
		{3B38656F-5681-498C-9CE8-1508CBE0DCFA}.Debug|iPhone.Build.0 = Debug|Any CPU
		{3B38656F-5681-498C-9CE8-1508CBE0DCFA}.Debug|iPhone.Deploy.0 = Debug|Any CPU
		{3B38656F-5681-498C-9CE8-1508CBE0DCFA}.Debug|iPhoneSimulator.ActiveCfg = Debug|Any CPU
		{3B38656F-5681-498C-9CE8-1508CBE0DCFA}.Debug|iPhoneSimulator.Build.0 = Debug|Any CPU
		{3B38656F-5681-498C-9CE8-1508CBE0DCFA}.Debug|iPhoneSimulator.Deploy.0 = Debug|Any CPU
		{3B38656F-5681-498C-9CE8-1508CBE0DCFA}.Debug|x64.ActiveCfg = Debug|Any CPU
		{3B38656F-5681-498C-9CE8-1508CBE0DCFA}.Debug|x64.Build.0 = Debug|Any CPU
		{3B38656F-5681-498C-9CE8-1508CBE0DCFA}.Debug|x64.Deploy.0 = Debug|Any CPU
		{3B38656F-5681-498C-9CE8-1508CBE0DCFA}.Debug|x86.ActiveCfg = Debug|Any CPU
		{3B38656F-5681-498C-9CE8-1508CBE0DCFA}.Debug|x86.Build.0 = Debug|Any CPU
		{3B38656F-5681-498C-9CE8-1508CBE0DCFA}.Debug|x86.Deploy.0 = Debug|Any CPU
		{3B38656F-5681-498C-9CE8-1508CBE0DCFA}.Release|Any CPU.ActiveCfg = Release|Any CPU
		{3B38656F-5681-498C-9CE8-1508CBE0DCFA}.Release|Any CPU.Build.0 = Release|Any CPU
		{3B38656F-5681-498C-9CE8-1508CBE0DCFA}.Release|Any CPU.Deploy.0 = Release|Any CPU
		{3B38656F-5681-498C-9CE8-1508CBE0DCFA}.Release|ARM.ActiveCfg = Release|Any CPU
		{3B38656F-5681-498C-9CE8-1508CBE0DCFA}.Release|ARM.Build.0 = Release|Any CPU
		{3B38656F-5681-498C-9CE8-1508CBE0DCFA}.Release|ARM.Deploy.0 = Release|Any CPU
		{3B38656F-5681-498C-9CE8-1508CBE0DCFA}.Release|iPhone.ActiveCfg = Release|Any CPU
		{3B38656F-5681-498C-9CE8-1508CBE0DCFA}.Release|iPhone.Build.0 = Release|Any CPU
		{3B38656F-5681-498C-9CE8-1508CBE0DCFA}.Release|iPhone.Deploy.0 = Release|Any CPU
		{3B38656F-5681-498C-9CE8-1508CBE0DCFA}.Release|iPhoneSimulator.ActiveCfg = Release|Any CPU
		{3B38656F-5681-498C-9CE8-1508CBE0DCFA}.Release|iPhoneSimulator.Build.0 = Release|Any CPU
		{3B38656F-5681-498C-9CE8-1508CBE0DCFA}.Release|iPhoneSimulator.Deploy.0 = Release|Any CPU
		{3B38656F-5681-498C-9CE8-1508CBE0DCFA}.Release|x64.ActiveCfg = Release|Any CPU
		{3B38656F-5681-498C-9CE8-1508CBE0DCFA}.Release|x64.Build.0 = Release|Any CPU
		{3B38656F-5681-498C-9CE8-1508CBE0DCFA}.Release|x64.Deploy.0 = Release|Any CPU
		{3B38656F-5681-498C-9CE8-1508CBE0DCFA}.Release|x86.ActiveCfg = Release|Any CPU
		{3B38656F-5681-498C-9CE8-1508CBE0DCFA}.Release|x86.Build.0 = Release|Any CPU
		{3B38656F-5681-498C-9CE8-1508CBE0DCFA}.Release|x86.Deploy.0 = Release|Any CPU
		{E2612442-C8C0-42F3-A66E-C8A7DA987007}.Ad-Hoc|Any CPU.ActiveCfg = Ad-Hoc|iPhone
		{E2612442-C8C0-42F3-A66E-C8A7DA987007}.Ad-Hoc|Any CPU.Build.0 = Ad-Hoc|iPhone
		{E2612442-C8C0-42F3-A66E-C8A7DA987007}.Ad-Hoc|Any CPU.Deploy.0 = Ad-Hoc|iPhone
		{E2612442-C8C0-42F3-A66E-C8A7DA987007}.Ad-Hoc|ARM.ActiveCfg = Ad-Hoc|iPhone
		{E2612442-C8C0-42F3-A66E-C8A7DA987007}.Ad-Hoc|ARM.Build.0 = Ad-Hoc|iPhone
		{E2612442-C8C0-42F3-A66E-C8A7DA987007}.Ad-Hoc|ARM.Deploy.0 = Ad-Hoc|iPhone
		{E2612442-C8C0-42F3-A66E-C8A7DA987007}.Ad-Hoc|iPhone.ActiveCfg = Ad-Hoc|iPhone
		{E2612442-C8C0-42F3-A66E-C8A7DA987007}.Ad-Hoc|iPhone.Build.0 = Ad-Hoc|iPhone
		{E2612442-C8C0-42F3-A66E-C8A7DA987007}.Ad-Hoc|iPhone.Deploy.0 = Ad-Hoc|iPhone
		{E2612442-C8C0-42F3-A66E-C8A7DA987007}.Ad-Hoc|iPhoneSimulator.ActiveCfg = Ad-Hoc|iPhoneSimulator
		{E2612442-C8C0-42F3-A66E-C8A7DA987007}.Ad-Hoc|iPhoneSimulator.Build.0 = Ad-Hoc|iPhoneSimulator
		{E2612442-C8C0-42F3-A66E-C8A7DA987007}.Ad-Hoc|iPhoneSimulator.Deploy.0 = Ad-Hoc|iPhoneSimulator
		{E2612442-C8C0-42F3-A66E-C8A7DA987007}.Ad-Hoc|x64.ActiveCfg = Ad-Hoc|iPhone
		{E2612442-C8C0-42F3-A66E-C8A7DA987007}.Ad-Hoc|x64.Build.0 = Ad-Hoc|iPhone
		{E2612442-C8C0-42F3-A66E-C8A7DA987007}.Ad-Hoc|x64.Deploy.0 = Ad-Hoc|iPhone
		{E2612442-C8C0-42F3-A66E-C8A7DA987007}.Ad-Hoc|x86.ActiveCfg = Ad-Hoc|iPhone
		{E2612442-C8C0-42F3-A66E-C8A7DA987007}.Ad-Hoc|x86.Build.0 = Ad-Hoc|iPhone
		{E2612442-C8C0-42F3-A66E-C8A7DA987007}.Ad-Hoc|x86.Deploy.0 = Ad-Hoc|iPhone
		{E2612442-C8C0-42F3-A66E-C8A7DA987007}.AppStore|Any CPU.ActiveCfg = AppStore|iPhone
		{E2612442-C8C0-42F3-A66E-C8A7DA987007}.AppStore|Any CPU.Build.0 = AppStore|iPhone
		{E2612442-C8C0-42F3-A66E-C8A7DA987007}.AppStore|Any CPU.Deploy.0 = AppStore|iPhone
		{E2612442-C8C0-42F3-A66E-C8A7DA987007}.AppStore|ARM.ActiveCfg = AppStore|iPhone
		{E2612442-C8C0-42F3-A66E-C8A7DA987007}.AppStore|ARM.Build.0 = AppStore|iPhone
		{E2612442-C8C0-42F3-A66E-C8A7DA987007}.AppStore|ARM.Deploy.0 = AppStore|iPhone
		{E2612442-C8C0-42F3-A66E-C8A7DA987007}.AppStore|iPhone.ActiveCfg = AppStore|iPhone
		{E2612442-C8C0-42F3-A66E-C8A7DA987007}.AppStore|iPhone.Build.0 = AppStore|iPhone
		{E2612442-C8C0-42F3-A66E-C8A7DA987007}.AppStore|iPhone.Deploy.0 = AppStore|iPhone
		{E2612442-C8C0-42F3-A66E-C8A7DA987007}.AppStore|iPhoneSimulator.ActiveCfg = AppStore|iPhoneSimulator
		{E2612442-C8C0-42F3-A66E-C8A7DA987007}.AppStore|iPhoneSimulator.Build.0 = AppStore|iPhoneSimulator
		{E2612442-C8C0-42F3-A66E-C8A7DA987007}.AppStore|iPhoneSimulator.Deploy.0 = AppStore|iPhoneSimulator
		{E2612442-C8C0-42F3-A66E-C8A7DA987007}.AppStore|x64.ActiveCfg = AppStore|iPhone
		{E2612442-C8C0-42F3-A66E-C8A7DA987007}.AppStore|x64.Build.0 = AppStore|iPhone
		{E2612442-C8C0-42F3-A66E-C8A7DA987007}.AppStore|x64.Deploy.0 = AppStore|iPhone
		{E2612442-C8C0-42F3-A66E-C8A7DA987007}.AppStore|x86.ActiveCfg = AppStore|iPhone
		{E2612442-C8C0-42F3-A66E-C8A7DA987007}.AppStore|x86.Build.0 = AppStore|iPhone
		{E2612442-C8C0-42F3-A66E-C8A7DA987007}.AppStore|x86.Deploy.0 = AppStore|iPhone
		{E2612442-C8C0-42F3-A66E-C8A7DA987007}.Debug|Any CPU.ActiveCfg = Debug|iPhoneSimulator
		{E2612442-C8C0-42F3-A66E-C8A7DA987007}.Debug|Any CPU.Build.0 = Debug|iPhoneSimulator
		{E2612442-C8C0-42F3-A66E-C8A7DA987007}.Debug|Any CPU.Deploy.0 = Debug|iPhoneSimulator
		{E2612442-C8C0-42F3-A66E-C8A7DA987007}.Debug|ARM.ActiveCfg = Debug|iPhone
		{E2612442-C8C0-42F3-A66E-C8A7DA987007}.Debug|ARM.Build.0 = Debug|iPhone
		{E2612442-C8C0-42F3-A66E-C8A7DA987007}.Debug|ARM.Deploy.0 = Debug|iPhone
		{E2612442-C8C0-42F3-A66E-C8A7DA987007}.Debug|iPhone.ActiveCfg = Debug|iPhone
		{E2612442-C8C0-42F3-A66E-C8A7DA987007}.Debug|iPhone.Build.0 = Debug|iPhone
		{E2612442-C8C0-42F3-A66E-C8A7DA987007}.Debug|iPhone.Deploy.0 = Debug|iPhone
		{E2612442-C8C0-42F3-A66E-C8A7DA987007}.Debug|iPhoneSimulator.ActiveCfg = Debug|iPhoneSimulator
		{E2612442-C8C0-42F3-A66E-C8A7DA987007}.Debug|iPhoneSimulator.Build.0 = Debug|iPhoneSimulator
		{E2612442-C8C0-42F3-A66E-C8A7DA987007}.Debug|iPhoneSimulator.Deploy.0 = Debug|iPhoneSimulator
		{E2612442-C8C0-42F3-A66E-C8A7DA987007}.Debug|x64.ActiveCfg = Debug|iPhone
		{E2612442-C8C0-42F3-A66E-C8A7DA987007}.Debug|x64.Build.0 = Debug|iPhone
		{E2612442-C8C0-42F3-A66E-C8A7DA987007}.Debug|x64.Deploy.0 = Debug|iPhone
		{E2612442-C8C0-42F3-A66E-C8A7DA987007}.Debug|x86.ActiveCfg = Debug|iPhone
		{E2612442-C8C0-42F3-A66E-C8A7DA987007}.Debug|x86.Build.0 = Debug|iPhone
		{E2612442-C8C0-42F3-A66E-C8A7DA987007}.Debug|x86.Deploy.0 = Debug|iPhone
		{E2612442-C8C0-42F3-A66E-C8A7DA987007}.Release|Any CPU.ActiveCfg = Release|iPhone
		{E2612442-C8C0-42F3-A66E-C8A7DA987007}.Release|Any CPU.Build.0 = Release|iPhone
		{E2612442-C8C0-42F3-A66E-C8A7DA987007}.Release|Any CPU.Deploy.0 = Release|iPhone
		{E2612442-C8C0-42F3-A66E-C8A7DA987007}.Release|ARM.ActiveCfg = Release|iPhone
		{E2612442-C8C0-42F3-A66E-C8A7DA987007}.Release|ARM.Build.0 = Release|iPhone
		{E2612442-C8C0-42F3-A66E-C8A7DA987007}.Release|ARM.Deploy.0 = Release|iPhone
		{E2612442-C8C0-42F3-A66E-C8A7DA987007}.Release|iPhone.ActiveCfg = Release|iPhone
		{E2612442-C8C0-42F3-A66E-C8A7DA987007}.Release|iPhone.Build.0 = Release|iPhone
		{E2612442-C8C0-42F3-A66E-C8A7DA987007}.Release|iPhone.Deploy.0 = Release|iPhone
		{E2612442-C8C0-42F3-A66E-C8A7DA987007}.Release|iPhoneSimulator.ActiveCfg = Release|iPhoneSimulator
		{E2612442-C8C0-42F3-A66E-C8A7DA987007}.Release|iPhoneSimulator.Build.0 = Release|iPhoneSimulator
		{E2612442-C8C0-42F3-A66E-C8A7DA987007}.Release|iPhoneSimulator.Deploy.0 = Release|iPhoneSimulator
		{E2612442-C8C0-42F3-A66E-C8A7DA987007}.Release|x64.ActiveCfg = Release|iPhone
		{E2612442-C8C0-42F3-A66E-C8A7DA987007}.Release|x64.Build.0 = Release|iPhone
		{E2612442-C8C0-42F3-A66E-C8A7DA987007}.Release|x64.Deploy.0 = Release|iPhone
		{E2612442-C8C0-42F3-A66E-C8A7DA987007}.Release|x86.ActiveCfg = Release|iPhone
		{E2612442-C8C0-42F3-A66E-C8A7DA987007}.Release|x86.Build.0 = Release|iPhone
		{E2612442-C8C0-42F3-A66E-C8A7DA987007}.Release|x86.Deploy.0 = Release|iPhone
		{B5BC8B93-90DF-4388-B803-B2C707F4838D}.Ad-Hoc|Any CPU.ActiveCfg = Release|x86
		{B5BC8B93-90DF-4388-B803-B2C707F4838D}.Ad-Hoc|Any CPU.Build.0 = Release|x86
		{B5BC8B93-90DF-4388-B803-B2C707F4838D}.Ad-Hoc|Any CPU.Deploy.0 = Release|x86
		{B5BC8B93-90DF-4388-B803-B2C707F4838D}.Ad-Hoc|ARM.ActiveCfg = Release|ARM
		{B5BC8B93-90DF-4388-B803-B2C707F4838D}.Ad-Hoc|ARM.Build.0 = Release|ARM
		{B5BC8B93-90DF-4388-B803-B2C707F4838D}.Ad-Hoc|ARM.Deploy.0 = Release|ARM
		{B5BC8B93-90DF-4388-B803-B2C707F4838D}.Ad-Hoc|iPhone.ActiveCfg = Release|x86
		{B5BC8B93-90DF-4388-B803-B2C707F4838D}.Ad-Hoc|iPhone.Build.0 = Release|x86
		{B5BC8B93-90DF-4388-B803-B2C707F4838D}.Ad-Hoc|iPhone.Deploy.0 = Release|x86
		{B5BC8B93-90DF-4388-B803-B2C707F4838D}.Ad-Hoc|iPhoneSimulator.ActiveCfg = Release|x86
		{B5BC8B93-90DF-4388-B803-B2C707F4838D}.Ad-Hoc|iPhoneSimulator.Build.0 = Release|x86
		{B5BC8B93-90DF-4388-B803-B2C707F4838D}.Ad-Hoc|iPhoneSimulator.Deploy.0 = Release|x86
		{B5BC8B93-90DF-4388-B803-B2C707F4838D}.Ad-Hoc|x64.ActiveCfg = Release|x64
		{B5BC8B93-90DF-4388-B803-B2C707F4838D}.Ad-Hoc|x64.Build.0 = Release|x64
		{B5BC8B93-90DF-4388-B803-B2C707F4838D}.Ad-Hoc|x64.Deploy.0 = Release|x64
		{B5BC8B93-90DF-4388-B803-B2C707F4838D}.Ad-Hoc|x86.ActiveCfg = Release|x86
		{B5BC8B93-90DF-4388-B803-B2C707F4838D}.Ad-Hoc|x86.Build.0 = Release|x86
		{B5BC8B93-90DF-4388-B803-B2C707F4838D}.Ad-Hoc|x86.Deploy.0 = Release|x86
		{B5BC8B93-90DF-4388-B803-B2C707F4838D}.AppStore|Any CPU.ActiveCfg = Release|x86
		{B5BC8B93-90DF-4388-B803-B2C707F4838D}.AppStore|Any CPU.Build.0 = Release|x86
		{B5BC8B93-90DF-4388-B803-B2C707F4838D}.AppStore|Any CPU.Deploy.0 = Release|x86
		{B5BC8B93-90DF-4388-B803-B2C707F4838D}.AppStore|ARM.ActiveCfg = Release|ARM
		{B5BC8B93-90DF-4388-B803-B2C707F4838D}.AppStore|ARM.Build.0 = Release|ARM
		{B5BC8B93-90DF-4388-B803-B2C707F4838D}.AppStore|ARM.Deploy.0 = Release|ARM
		{B5BC8B93-90DF-4388-B803-B2C707F4838D}.AppStore|iPhone.ActiveCfg = Release|x86
		{B5BC8B93-90DF-4388-B803-B2C707F4838D}.AppStore|iPhone.Build.0 = Release|x86
		{B5BC8B93-90DF-4388-B803-B2C707F4838D}.AppStore|iPhone.Deploy.0 = Release|x86
		{B5BC8B93-90DF-4388-B803-B2C707F4838D}.AppStore|iPhoneSimulator.ActiveCfg = Release|x86
		{B5BC8B93-90DF-4388-B803-B2C707F4838D}.AppStore|iPhoneSimulator.Build.0 = Release|x86
		{B5BC8B93-90DF-4388-B803-B2C707F4838D}.AppStore|iPhoneSimulator.Deploy.0 = Release|x86
		{B5BC8B93-90DF-4388-B803-B2C707F4838D}.AppStore|x64.ActiveCfg = Release|x64
		{B5BC8B93-90DF-4388-B803-B2C707F4838D}.AppStore|x64.Build.0 = Release|x64
		{B5BC8B93-90DF-4388-B803-B2C707F4838D}.AppStore|x64.Deploy.0 = Release|x64
		{B5BC8B93-90DF-4388-B803-B2C707F4838D}.AppStore|x86.ActiveCfg = Release|x86
		{B5BC8B93-90DF-4388-B803-B2C707F4838D}.AppStore|x86.Build.0 = Release|x86
		{B5BC8B93-90DF-4388-B803-B2C707F4838D}.AppStore|x86.Deploy.0 = Release|x86
		{B5BC8B93-90DF-4388-B803-B2C707F4838D}.Debug|Any CPU.ActiveCfg = Debug|x86
		{B5BC8B93-90DF-4388-B803-B2C707F4838D}.Debug|Any CPU.Build.0 = Debug|x86
		{B5BC8B93-90DF-4388-B803-B2C707F4838D}.Debug|Any CPU.Deploy.0 = Debug|x86
		{B5BC8B93-90DF-4388-B803-B2C707F4838D}.Debug|ARM.ActiveCfg = Debug|ARM
		{B5BC8B93-90DF-4388-B803-B2C707F4838D}.Debug|ARM.Build.0 = Debug|ARM
		{B5BC8B93-90DF-4388-B803-B2C707F4838D}.Debug|ARM.Deploy.0 = Debug|ARM
		{B5BC8B93-90DF-4388-B803-B2C707F4838D}.Debug|iPhone.ActiveCfg = Debug|x86
		{B5BC8B93-90DF-4388-B803-B2C707F4838D}.Debug|iPhone.Build.0 = Debug|x86
		{B5BC8B93-90DF-4388-B803-B2C707F4838D}.Debug|iPhone.Deploy.0 = Debug|x86
		{B5BC8B93-90DF-4388-B803-B2C707F4838D}.Debug|iPhoneSimulator.ActiveCfg = Debug|x86
		{B5BC8B93-90DF-4388-B803-B2C707F4838D}.Debug|iPhoneSimulator.Build.0 = Debug|x86
		{B5BC8B93-90DF-4388-B803-B2C707F4838D}.Debug|iPhoneSimulator.Deploy.0 = Debug|x86
		{B5BC8B93-90DF-4388-B803-B2C707F4838D}.Debug|x64.ActiveCfg = Debug|x64
		{B5BC8B93-90DF-4388-B803-B2C707F4838D}.Debug|x64.Build.0 = Debug|x64
		{B5BC8B93-90DF-4388-B803-B2C707F4838D}.Debug|x64.Deploy.0 = Debug|x64
		{B5BC8B93-90DF-4388-B803-B2C707F4838D}.Debug|x86.ActiveCfg = Debug|x86
		{B5BC8B93-90DF-4388-B803-B2C707F4838D}.Debug|x86.Build.0 = Debug|x86
		{B5BC8B93-90DF-4388-B803-B2C707F4838D}.Debug|x86.Deploy.0 = Debug|x86
		{B5BC8B93-90DF-4388-B803-B2C707F4838D}.Release|Any CPU.ActiveCfg = Release|x86
		{B5BC8B93-90DF-4388-B803-B2C707F4838D}.Release|Any CPU.Build.0 = Release|x86
		{B5BC8B93-90DF-4388-B803-B2C707F4838D}.Release|Any CPU.Deploy.0 = Release|x86
		{B5BC8B93-90DF-4388-B803-B2C707F4838D}.Release|ARM.ActiveCfg = Release|ARM
		{B5BC8B93-90DF-4388-B803-B2C707F4838D}.Release|ARM.Build.0 = Release|ARM
		{B5BC8B93-90DF-4388-B803-B2C707F4838D}.Release|ARM.Deploy.0 = Release|ARM
		{B5BC8B93-90DF-4388-B803-B2C707F4838D}.Release|iPhone.ActiveCfg = Release|x86
		{B5BC8B93-90DF-4388-B803-B2C707F4838D}.Release|iPhone.Build.0 = Release|x86
		{B5BC8B93-90DF-4388-B803-B2C707F4838D}.Release|iPhone.Deploy.0 = Release|x86
		{B5BC8B93-90DF-4388-B803-B2C707F4838D}.Release|iPhoneSimulator.ActiveCfg = Release|x86
		{B5BC8B93-90DF-4388-B803-B2C707F4838D}.Release|iPhoneSimulator.Build.0 = Release|x86
		{B5BC8B93-90DF-4388-B803-B2C707F4838D}.Release|iPhoneSimulator.Deploy.0 = Release|x86
		{B5BC8B93-90DF-4388-B803-B2C707F4838D}.Release|x64.ActiveCfg = Release|x64
		{B5BC8B93-90DF-4388-B803-B2C707F4838D}.Release|x64.Build.0 = Release|x64
		{B5BC8B93-90DF-4388-B803-B2C707F4838D}.Release|x64.Deploy.0 = Release|x64
		{B5BC8B93-90DF-4388-B803-B2C707F4838D}.Release|x86.ActiveCfg = Release|x86
		{B5BC8B93-90DF-4388-B803-B2C707F4838D}.Release|x86.Build.0 = Release|x86
		{B5BC8B93-90DF-4388-B803-B2C707F4838D}.Release|x86.Deploy.0 = Release|x86
		{80D1E172-E9CC-4B78-8593-27D016D6ABEF}.Ad-Hoc|Any CPU.ActiveCfg = Debug|Any CPU
		{80D1E172-E9CC-4B78-8593-27D016D6ABEF}.Ad-Hoc|Any CPU.Build.0 = Debug|Any CPU
		{80D1E172-E9CC-4B78-8593-27D016D6ABEF}.Ad-Hoc|Any CPU.Deploy.0 = Debug|Any CPU
		{80D1E172-E9CC-4B78-8593-27D016D6ABEF}.Ad-Hoc|ARM.ActiveCfg = Debug|Any CPU
		{80D1E172-E9CC-4B78-8593-27D016D6ABEF}.Ad-Hoc|ARM.Build.0 = Debug|Any CPU
		{80D1E172-E9CC-4B78-8593-27D016D6ABEF}.Ad-Hoc|ARM.Deploy.0 = Debug|Any CPU
		{80D1E172-E9CC-4B78-8593-27D016D6ABEF}.Ad-Hoc|iPhone.ActiveCfg = Debug|Any CPU
		{80D1E172-E9CC-4B78-8593-27D016D6ABEF}.Ad-Hoc|iPhone.Build.0 = Debug|Any CPU
		{80D1E172-E9CC-4B78-8593-27D016D6ABEF}.Ad-Hoc|iPhone.Deploy.0 = Debug|Any CPU
		{80D1E172-E9CC-4B78-8593-27D016D6ABEF}.Ad-Hoc|iPhoneSimulator.ActiveCfg = Debug|Any CPU
		{80D1E172-E9CC-4B78-8593-27D016D6ABEF}.Ad-Hoc|iPhoneSimulator.Build.0 = Debug|Any CPU
		{80D1E172-E9CC-4B78-8593-27D016D6ABEF}.Ad-Hoc|iPhoneSimulator.Deploy.0 = Debug|Any CPU
		{80D1E172-E9CC-4B78-8593-27D016D6ABEF}.Ad-Hoc|x64.ActiveCfg = Debug|Any CPU
		{80D1E172-E9CC-4B78-8593-27D016D6ABEF}.Ad-Hoc|x64.Build.0 = Debug|Any CPU
		{80D1E172-E9CC-4B78-8593-27D016D6ABEF}.Ad-Hoc|x64.Deploy.0 = Debug|Any CPU
		{80D1E172-E9CC-4B78-8593-27D016D6ABEF}.Ad-Hoc|x86.ActiveCfg = Debug|Any CPU
		{80D1E172-E9CC-4B78-8593-27D016D6ABEF}.Ad-Hoc|x86.Build.0 = Debug|Any CPU
		{80D1E172-E9CC-4B78-8593-27D016D6ABEF}.Ad-Hoc|x86.Deploy.0 = Debug|Any CPU
		{80D1E172-E9CC-4B78-8593-27D016D6ABEF}.AppStore|Any CPU.ActiveCfg = Debug|Any CPU
		{80D1E172-E9CC-4B78-8593-27D016D6ABEF}.AppStore|Any CPU.Build.0 = Debug|Any CPU
		{80D1E172-E9CC-4B78-8593-27D016D6ABEF}.AppStore|Any CPU.Deploy.0 = Debug|Any CPU
		{80D1E172-E9CC-4B78-8593-27D016D6ABEF}.AppStore|ARM.ActiveCfg = Debug|Any CPU
		{80D1E172-E9CC-4B78-8593-27D016D6ABEF}.AppStore|ARM.Build.0 = Debug|Any CPU
		{80D1E172-E9CC-4B78-8593-27D016D6ABEF}.AppStore|ARM.Deploy.0 = Debug|Any CPU
		{80D1E172-E9CC-4B78-8593-27D016D6ABEF}.AppStore|iPhone.ActiveCfg = Debug|Any CPU
		{80D1E172-E9CC-4B78-8593-27D016D6ABEF}.AppStore|iPhone.Build.0 = Debug|Any CPU
		{80D1E172-E9CC-4B78-8593-27D016D6ABEF}.AppStore|iPhone.Deploy.0 = Debug|Any CPU
		{80D1E172-E9CC-4B78-8593-27D016D6ABEF}.AppStore|iPhoneSimulator.ActiveCfg = Debug|Any CPU
		{80D1E172-E9CC-4B78-8593-27D016D6ABEF}.AppStore|iPhoneSimulator.Build.0 = Debug|Any CPU
		{80D1E172-E9CC-4B78-8593-27D016D6ABEF}.AppStore|iPhoneSimulator.Deploy.0 = Debug|Any CPU
		{80D1E172-E9CC-4B78-8593-27D016D6ABEF}.AppStore|x64.ActiveCfg = Debug|Any CPU
		{80D1E172-E9CC-4B78-8593-27D016D6ABEF}.AppStore|x64.Build.0 = Debug|Any CPU
		{80D1E172-E9CC-4B78-8593-27D016D6ABEF}.AppStore|x64.Deploy.0 = Debug|Any CPU
		{80D1E172-E9CC-4B78-8593-27D016D6ABEF}.AppStore|x86.ActiveCfg = Debug|Any CPU
		{80D1E172-E9CC-4B78-8593-27D016D6ABEF}.AppStore|x86.Build.0 = Debug|Any CPU
		{80D1E172-E9CC-4B78-8593-27D016D6ABEF}.AppStore|x86.Deploy.0 = Debug|Any CPU
		{80D1E172-E9CC-4B78-8593-27D016D6ABEF}.Debug|Any CPU.ActiveCfg = Debug|Any CPU
		{80D1E172-E9CC-4B78-8593-27D016D6ABEF}.Debug|Any CPU.Build.0 = Debug|Any CPU
		{80D1E172-E9CC-4B78-8593-27D016D6ABEF}.Debug|Any CPU.Deploy.0 = Debug|Any CPU
		{80D1E172-E9CC-4B78-8593-27D016D6ABEF}.Debug|ARM.ActiveCfg = Debug|Any CPU
		{80D1E172-E9CC-4B78-8593-27D016D6ABEF}.Debug|ARM.Build.0 = Debug|Any CPU
		{80D1E172-E9CC-4B78-8593-27D016D6ABEF}.Debug|ARM.Deploy.0 = Debug|Any CPU
		{80D1E172-E9CC-4B78-8593-27D016D6ABEF}.Debug|iPhone.ActiveCfg = Debug|Any CPU
		{80D1E172-E9CC-4B78-8593-27D016D6ABEF}.Debug|iPhone.Build.0 = Debug|Any CPU
		{80D1E172-E9CC-4B78-8593-27D016D6ABEF}.Debug|iPhone.Deploy.0 = Debug|Any CPU
		{80D1E172-E9CC-4B78-8593-27D016D6ABEF}.Debug|iPhoneSimulator.ActiveCfg = Debug|Any CPU
		{80D1E172-E9CC-4B78-8593-27D016D6ABEF}.Debug|iPhoneSimulator.Build.0 = Debug|Any CPU
		{80D1E172-E9CC-4B78-8593-27D016D6ABEF}.Debug|iPhoneSimulator.Deploy.0 = Debug|Any CPU
		{80D1E172-E9CC-4B78-8593-27D016D6ABEF}.Debug|x64.ActiveCfg = Debug|Any CPU
		{80D1E172-E9CC-4B78-8593-27D016D6ABEF}.Debug|x64.Build.0 = Debug|Any CPU
		{80D1E172-E9CC-4B78-8593-27D016D6ABEF}.Debug|x64.Deploy.0 = Debug|Any CPU
		{80D1E172-E9CC-4B78-8593-27D016D6ABEF}.Debug|x86.ActiveCfg = Debug|Any CPU
		{80D1E172-E9CC-4B78-8593-27D016D6ABEF}.Debug|x86.Build.0 = Debug|Any CPU
		{80D1E172-E9CC-4B78-8593-27D016D6ABEF}.Debug|x86.Deploy.0 = Debug|Any CPU
		{80D1E172-E9CC-4B78-8593-27D016D6ABEF}.Release|Any CPU.ActiveCfg = Release|Any CPU
		{80D1E172-E9CC-4B78-8593-27D016D6ABEF}.Release|Any CPU.Build.0 = Release|Any CPU
		{80D1E172-E9CC-4B78-8593-27D016D6ABEF}.Release|Any CPU.Deploy.0 = Release|Any CPU
		{80D1E172-E9CC-4B78-8593-27D016D6ABEF}.Release|ARM.ActiveCfg = Release|Any CPU
		{80D1E172-E9CC-4B78-8593-27D016D6ABEF}.Release|ARM.Build.0 = Release|Any CPU
		{80D1E172-E9CC-4B78-8593-27D016D6ABEF}.Release|ARM.Deploy.0 = Release|Any CPU
		{80D1E172-E9CC-4B78-8593-27D016D6ABEF}.Release|iPhone.ActiveCfg = Release|Any CPU
		{80D1E172-E9CC-4B78-8593-27D016D6ABEF}.Release|iPhone.Build.0 = Release|Any CPU
		{80D1E172-E9CC-4B78-8593-27D016D6ABEF}.Release|iPhone.Deploy.0 = Release|Any CPU
		{80D1E172-E9CC-4B78-8593-27D016D6ABEF}.Release|iPhoneSimulator.ActiveCfg = Release|Any CPU
		{80D1E172-E9CC-4B78-8593-27D016D6ABEF}.Release|iPhoneSimulator.Build.0 = Release|Any CPU
		{80D1E172-E9CC-4B78-8593-27D016D6ABEF}.Release|iPhoneSimulator.Deploy.0 = Release|Any CPU
		{80D1E172-E9CC-4B78-8593-27D016D6ABEF}.Release|x64.ActiveCfg = Release|Any CPU
		{80D1E172-E9CC-4B78-8593-27D016D6ABEF}.Release|x64.Build.0 = Release|Any CPU
		{80D1E172-E9CC-4B78-8593-27D016D6ABEF}.Release|x64.Deploy.0 = Release|Any CPU
		{80D1E172-E9CC-4B78-8593-27D016D6ABEF}.Release|x86.ActiveCfg = Release|Any CPU
		{80D1E172-E9CC-4B78-8593-27D016D6ABEF}.Release|x86.Build.0 = Release|Any CPU
		{80D1E172-E9CC-4B78-8593-27D016D6ABEF}.Release|x86.Deploy.0 = Release|Any CPU
	EndGlobalSection
	GlobalSection(SolutionProperties) = preSolution
		HideSolutionNode = FALSE
	EndGlobalSection
	GlobalSection(ExtensibilityGlobals) = postSolution
		SolutionGuid = {5816CCB5-0CB0-497A-B57F-EF03420EBBEE}
	EndGlobalSection
EndGlobal
